
Microsoft Visual Studio Solution File, Format Version 12.00
# Visual Studio Version 17
VisualStudioVersion = 17.11.35327.3
MinimumVisualStudioVersion = 10.0.40219.1
Project("{FAE04EC0-301F-11D3-BF4B-00C04F79EFBC}") = "Project29-PatikaflixDizilerPlatformu", "Project29-PatikaflixDizilerPlatformu\Project29-PatikaflixDizilerPlatformu.csproj", "{47F3B56D-7EF4-42D7-B570-021646FB04E0}"
EndProject
Global
	GlobalSection(SolutionConfigurationPlatforms) = preSolution
		Debug|Any CPU = Debug|Any CPU
		Release|Any CPU = Release|Any CPU
	EndGlobalSection
	GlobalSection(ProjectConfigurationPlatforms) = postSolution
		{47F3B56D-7EF4-42D7-B570-021646FB04E0}.Debug|Any CPU.ActiveCfg = Debug|Any CPU
		{47F3B56D-7EF4-42D7-B570-021646FB04E0}.Debug|Any CPU.Build.0 = Debug|Any CPU
		{47F3B56D-7EF4-42D7-B570-021646FB04E0}.Release|Any CPU.ActiveCfg = Release|Any CPU
		{47F3B56D-7EF4-42D7-B570-021646FB04E0}.Release|Any CPU.Build.0 = Release|Any CPU
	EndGlobalSection
	GlobalSection(SolutionProperties) = preSolution
		HideSolutionNode = FALSE
	EndGlobalSection
	GlobalSection(ExtensibilityGlobals) = postSolution
		SolutionGuid = {E8559B47-5FE5-48AE-901E-7512B3CD34A8}
	EndGlobalSection
EndGlobal
